
Microsoft Visual Studio Solution File, Format Version 12.00
# Visual Studio 15
VisualStudioVersion = 15.0.28307.1321
MinimumVisualStudioVersion = 10.0.40219.1
Project("{FAE04EC0-301F-11D3-BF4B-00C04F79EFBC}") = "dbui", "dbui\dbui.csproj", "{CF6D00BD-41D9-4348-8116-E57982523BAF}"
EndProject
Project("{FAE04EC0-301F-11D3-BF4B-00C04F79EFBC}") = "Test", "Test\Test.csproj", "{84509CEE-D77A-4B60-A4CF-E4AED1D70004}"
EndProject
Global
	GlobalSection(SolutionConfigurationPlatforms) = preSolution
		Debug|Any CPU = Debug|Any CPU
		Release|Any CPU = Release|Any CPU
	EndGlobalSection
	GlobalSection(ProjectConfigurationPlatforms) = postSolution
		{CF6D00BD-41D9-4348-8116-E57982523BAF}.Debug|Any CPU.ActiveCfg = Debug|Any CPU
		{CF6D00BD-41D9-4348-8116-E57982523BAF}.Debug|Any CPU.Build.0 = Debug|Any CPU
		{CF6D00BD-41D9-4348-8116-E57982523BAF}.Release|Any CPU.ActiveCfg = Release|Any CPU
		{CF6D00BD-41D9-4348-8116-E57982523BAF}.Release|Any CPU.Build.0 = Release|Any CPU
		{84509CEE-D77A-4B60-A4CF-E4AED1D70004}.Debug|Any CPU.ActiveCfg = Debug|Any CPU
		{84509CEE-D77A-4B60-A4CF-E4AED1D70004}.Debug|Any CPU.Build.0 = Debug|Any CPU
		{84509CEE-D77A-4B60-A4CF-E4AED1D70004}.Release|Any CPU.ActiveCfg = Release|Any CPU
		{84509CEE-D77A-4B60-A4CF-E4AED1D70004}.Release|Any CPU.Build.0 = Release|Any CPU
	EndGlobalSection
	GlobalSection(SolutionProperties) = preSolution
		HideSolutionNode = FALSE
	EndGlobalSection
	GlobalSection(ExtensibilityGlobals) = postSolution
		SolutionGuid = {D6EED047-0394-47F0-AC8E-3DE3C694BAAE}
	EndGlobalSection
EndGlobal
